{
  "name": "lifeCalculator",
  "version": "1.0.0",
  "lockfileVersion": 1,
  "requires": true,
  "dependencies": {
    "compound-interest": {
      "version": "0.3.1",
      "resolved": "https://registry.npmjs.org/compound-interest/-/compound-interest-0.3.1.tgz",
      "integrity": "sha1-OzjFe9tYtS1HNQckUkA5ybNNu5Y="
    }
  }
}
